
Microsoft Visual Studio Solution File, Format Version 12.00
# Visual Studio Version 17
VisualStudioVersion = 17.3.32929.385
MinimumVisualStudioVersion = 10.0.40219.1
Project("{FAE04EC0-301F-11D3-BF4B-00C04F79EFBC}") = "Final Fantasy Tabletop Application Suite", "Final Fantasy Tabletop Application Suite\Final Fantasy Tabletop Application Suite.csproj", "{3D998B2D-547F-4DE1-98C2-2F5EB798ED1B}"
EndProject
Global
	GlobalSection(SolutionConfigurationPlatforms) = preSolution
		Debug|Any CPU = Debug|Any CPU
		Release|Any CPU = Release|Any CPU
	EndGlobalSection
	GlobalSection(ProjectConfigurationPlatforms) = postSolution
		{3D998B2D-547F-4DE1-98C2-2F5EB798ED1B}.Debug|Any CPU.ActiveCfg = Debug|Any CPU
		{3D998B2D-547F-4DE1-98C2-2F5EB798ED1B}.Debug|Any CPU.Build.0 = Debug|Any CPU
		{3D998B2D-547F-4DE1-98C2-2F5EB798ED1B}.Release|Any CPU.ActiveCfg = Release|Any CPU
		{3D998B2D-547F-4DE1-98C2-2F5EB798ED1B}.Release|Any CPU.Build.0 = Release|Any CPU
	EndGlobalSection
	GlobalSection(SolutionProperties) = preSolution
		HideSolutionNode = FALSE
	EndGlobalSection
	GlobalSection(ExtensibilityGlobals) = postSolution
		SolutionGuid = {8C24FF9B-44D7-46A1-8B9E-3F1301437962}
	EndGlobalSection
EndGlobal
